
Microsoft Visual Studio Solution File, Format Version 11.00
# Visual Studio 2010
Project("{FAE04EC0-301F-11D3-BF4B-00C04F79EFBC}") = "Assembly-CSharp", "Assembly-CSharp.csproj", "{38de6a34-6182-22c6-c097-215a09fb081f}"
EndProject
Project("{FAE04EC0-301F-11D3-BF4B-00C04F79EFBC}") = "Assembly-CSharp-Editor", "Assembly-CSharp-Editor.csproj", "{8cd763d5-21d6-12ec-91a1-2175b10a07f7}"
EndProject
Global
	GlobalSection(SolutionConfigurationPlatforms) = preSolution
		Debug|Any CPU = Debug|Any CPU
	EndGlobalSection
	GlobalSection(ProjectConfigurationPlatforms) = postSolution
		{38de6a34-6182-22c6-c097-215a09fb081f}.Debug|Any CPU.ActiveCfg = Debug|Any CPU
		{38de6a34-6182-22c6-c097-215a09fb081f}.Debug|Any CPU.Build.0 = Debug|Any CPU
		{8cd763d5-21d6-12ec-91a1-2175b10a07f7}.Debug|Any CPU.ActiveCfg = Debug|Any CPU
		{8cd763d5-21d6-12ec-91a1-2175b10a07f7}.Debug|Any CPU.Build.0 = Debug|Any CPU
	EndGlobalSection
	GlobalSection(SolutionProperties) = preSolution
		HideSolutionNode = FALSE
	EndGlobalSection
EndGlobal
